
Microsoft Visual Studio Solution File, Format Version 12.00
# Visual Studio Version 17
VisualStudioVersion = 17.6.33815.320
MinimumVisualStudioVersion = 10.0.40219.1
Project("{9A19103F-16F7-4668-BE54-9A1E7A4F7556}") = "SimpleWebsite", "SimpleWebsite\SimpleWebsite.csproj", "{3F497AE7-306C-46DD-AD9D-34DA331AB295}"
EndProject
Project("{9A19103F-16F7-4668-BE54-9A1E7A4F7556}") = "MadInputs", "MadInputs\MadInputs.csproj", "{23368F1A-BA0C-4A40-B42A-980B39E63C57}"
EndProject
Project("{9A19103F-16F7-4668-BE54-9A1E7A4F7556}") = "SendThreeWays", "SendThreeWays\SendThreeWays.csproj", "{A8371EE7-6830-4E07-BE4B-428C2F37D218}"
EndProject
Project("{9A19103F-16F7-4668-BE54-9A1E7A4F7556}") = "Routing", "Routing\Routing.csproj", "{A6368FE3-3107-4175-A553-FD88FB6B1CE0}"
EndProject
Project("{9A19103F-16F7-4668-BE54-9A1E7A4F7556}") = "VideoGameLibrary", "VideoGameLibrary\VideoGameLibrary.csproj", "{6D09CF88-A262-4C7E-8A17-A84163D616A4}"
EndProject
Project("{9A19103F-16F7-4668-BE54-9A1E7A4F7556}") = "Validation", "Validation\Validation.csproj", "{FF42C229-F06F-4AFE-B3F4-15A7CDCFA4A1}"
EndProject
Project("{FAE04EC0-301F-11D3-BF4B-00C04F79EFBC}") = "VideoGameLibraryPart2", "VideoGameLibraryPart2\VideoGameLibraryPart2.csproj", "{DC425E3F-481E-454E-B660-F607DA153EB8}"
EndProject
Global
	GlobalSection(SolutionConfigurationPlatforms) = preSolution
		Debug|Any CPU = Debug|Any CPU
		Release|Any CPU = Release|Any CPU
	EndGlobalSection
	GlobalSection(ProjectConfigurationPlatforms) = postSolution
		{3F497AE7-306C-46DD-AD9D-34DA331AB295}.Debug|Any CPU.ActiveCfg = Debug|Any CPU
		{3F497AE7-306C-46DD-AD9D-34DA331AB295}.Debug|Any CPU.Build.0 = Debug|Any CPU
		{3F497AE7-306C-46DD-AD9D-34DA331AB295}.Release|Any CPU.ActiveCfg = Release|Any CPU
		{3F497AE7-306C-46DD-AD9D-34DA331AB295}.Release|Any CPU.Build.0 = Release|Any CPU
		{23368F1A-BA0C-4A40-B42A-980B39E63C57}.Debug|Any CPU.ActiveCfg = Debug|Any CPU
		{23368F1A-BA0C-4A40-B42A-980B39E63C57}.Debug|Any CPU.Build.0 = Debug|Any CPU
		{23368F1A-BA0C-4A40-B42A-980B39E63C57}.Release|Any CPU.ActiveCfg = Release|Any CPU
		{23368F1A-BA0C-4A40-B42A-980B39E63C57}.Release|Any CPU.Build.0 = Release|Any CPU
		{A8371EE7-6830-4E07-BE4B-428C2F37D218}.Debug|Any CPU.ActiveCfg = Debug|Any CPU
		{A8371EE7-6830-4E07-BE4B-428C2F37D218}.Debug|Any CPU.Build.0 = Debug|Any CPU
		{A8371EE7-6830-4E07-BE4B-428C2F37D218}.Release|Any CPU.ActiveCfg = Release|Any CPU
		{A8371EE7-6830-4E07-BE4B-428C2F37D218}.Release|Any CPU.Build.0 = Release|Any CPU
		{A6368FE3-3107-4175-A553-FD88FB6B1CE0}.Debug|Any CPU.ActiveCfg = Debug|Any CPU
		{A6368FE3-3107-4175-A553-FD88FB6B1CE0}.Debug|Any CPU.Build.0 = Debug|Any CPU
		{A6368FE3-3107-4175-A553-FD88FB6B1CE0}.Release|Any CPU.ActiveCfg = Release|Any CPU
		{A6368FE3-3107-4175-A553-FD88FB6B1CE0}.Release|Any CPU.Build.0 = Release|Any CPU
		{6D09CF88-A262-4C7E-8A17-A84163D616A4}.Debug|Any CPU.ActiveCfg = Debug|Any CPU
		{6D09CF88-A262-4C7E-8A17-A84163D616A4}.Debug|Any CPU.Build.0 = Debug|Any CPU
		{6D09CF88-A262-4C7E-8A17-A84163D616A4}.Release|Any CPU.ActiveCfg = Release|Any CPU
		{6D09CF88-A262-4C7E-8A17-A84163D616A4}.Release|Any CPU.Build.0 = Release|Any CPU
		{FF42C229-F06F-4AFE-B3F4-15A7CDCFA4A1}.Debug|Any CPU.ActiveCfg = Debug|Any CPU
		{FF42C229-F06F-4AFE-B3F4-15A7CDCFA4A1}.Debug|Any CPU.Build.0 = Debug|Any CPU
		{FF42C229-F06F-4AFE-B3F4-15A7CDCFA4A1}.Release|Any CPU.ActiveCfg = Release|Any CPU
		{FF42C229-F06F-4AFE-B3F4-15A7CDCFA4A1}.Release|Any CPU.Build.0 = Release|Any CPU
		{DC425E3F-481E-454E-B660-F607DA153EB8}.Debug|Any CPU.ActiveCfg = Debug|Any CPU
		{DC425E3F-481E-454E-B660-F607DA153EB8}.Debug|Any CPU.Build.0 = Debug|Any CPU
		{DC425E3F-481E-454E-B660-F607DA153EB8}.Release|Any CPU.ActiveCfg = Release|Any CPU
		{DC425E3F-481E-454E-B660-F607DA153EB8}.Release|Any CPU.Build.0 = Release|Any CPU
	EndGlobalSection
	GlobalSection(SolutionProperties) = preSolution
		HideSolutionNode = FALSE
	EndGlobalSection
	GlobalSection(ExtensibilityGlobals) = postSolution
		SolutionGuid = {06CD961E-C2F7-4F97-8D3E-C1E88ED7CAB8}
	EndGlobalSection
EndGlobal
